
Microsoft Visual Studio Solution File, Format Version 12.00
# Visual Studio Version 16
VisualStudioVersion = 16.0.30717.126
MinimumVisualStudioVersion = 10.0.40219.1
Project("{FAE04EC0-301F-11D3-BF4B-00C04F79EFBC}") = "ICautomation", "ICautomation\ICautomation.csproj", "{9A851214-B1DD-4FB8-9BA9-1CBBB601781F}"
EndProject
Global
	GlobalSection(SolutionConfigurationPlatforms) = preSolution
		Debug|Any CPU = Debug|Any CPU
		Release|Any CPU = Release|Any CPU
	EndGlobalSection
	GlobalSection(ProjectConfigurationPlatforms) = postSolution
		{9A851214-B1DD-4FB8-9BA9-1CBBB601781F}.Debug|Any CPU.ActiveCfg = Debug|Any CPU
		{9A851214-B1DD-4FB8-9BA9-1CBBB601781F}.Debug|Any CPU.Build.0 = Debug|Any CPU
		{9A851214-B1DD-4FB8-9BA9-1CBBB601781F}.Release|Any CPU.ActiveCfg = Release|Any CPU
		{9A851214-B1DD-4FB8-9BA9-1CBBB601781F}.Release|Any CPU.Build.0 = Release|Any CPU
	EndGlobalSection
	GlobalSection(SolutionProperties) = preSolution
		HideSolutionNode = FALSE
	EndGlobalSection
	GlobalSection(ExtensibilityGlobals) = postSolution
		SolutionGuid = {618DB23E-B885-4F0A-AB15-FA8386901C3C}
	EndGlobalSection
EndGlobal
